// !$*UTF8*$!
{
	archiveVersion = 1;
	classes = {
	};
	objectVersion = 46;
	objects = {

/* Begin PBXBuildFile section */
		173FE317187320FF0022B562 /* Cocoa.framework in Frameworks */ = {isa = PBXBuildFile; fileRef = 173FE316187320FF0022B562 /* Cocoa.framework */; };
		179254BF18737A0B00D725DB /* icon-red.icns in Resources */ = {isa = PBXBuildFile; fileRef = 179254BE18737A0B00D725DB /* icon-red.icns */; };
		179254C118737A1300D725DB /* icon-green.icns in Resources */ = {isa = PBXBuildFile; fileRef = 179254C018737A1300D725DB /* icon-green.icns */; };
		179254E11873A11800D725DB /* AppDelegate.m in Sources */ = {isa = PBXBuildFile; fileRef = 179254CA1873A11800D725DB /* AppDelegate.m */; };
		179254E31873A11800D725DB /* Credits.rtf in Resources */ = {isa = PBXBuildFile; fileRef = 179254CD1873A11800D725DB /* Credits.rtf */; };
		179254E41873A11800D725DB /* InfoPlist.strings in Resources */ = {isa = PBXBuildFile; fileRef = 179254CF1873A11800D725DB /* InfoPlist.strings */; };
		179254E51873A11800D725DB /* Localizable.strings in Resources */ = {isa = PBXBuildFile; fileRef = 179254D11873A11800D725DB /* Localizable.strings */; };
		179254E71873A11800D725DB /* IP[x]-Info.plist in Resources */ = {isa = PBXBuildFile; fileRef = 179254D61873A11800D725DB /* IP[x]-Info.plist */; };
		179254E81873A11800D725DB /* Localizable.strings in Resources */ = {isa = PBXBuildFile; fileRef = 179254D81873A11800D725DB /* Localizable.strings */; };
		179254E91873A11800D725DB /* logo-green.png in Resources */ = {isa = PBXBuildFile; fileRef = 179254D91873A11800D725DB /* logo-green.png */; };
		179254EA1873A11800D725DB /* logo-red.png in Resources */ = {isa = PBXBuildFile; fileRef = 179254DA1873A11800D725DB /* logo-red.png */; };
		179254EB1873A11800D725DB /* main.m in Sources */ = {isa = PBXBuildFile; fileRef = 179254DB1873A11800D725DB /* main.m */; };
		179254EC1873A11800D725DB /* MasterViewController.m in Sources */ = {isa = PBXBuildFile; fileRef = 179254DD1873A11800D725DB /* MasterViewController.m */; };
		179254ED1873A11800D725DB /* MasterViewController.xib in Resources */ = {isa = PBXBuildFile; fileRef = 179254DE1873A11800D725DB /* MasterViewController.xib */; };
		179254EE1873A11800D725DB /* Util.m in Sources */ = {isa = PBXBuildFile; fileRef = 179254E01873A11800D725DB /* Util.m */; };
		179254F71873A18600D725DB /* MainMenu.xib in Resources */ = {isa = PBXBuildFile; fileRef = 179254CB1873A11800D725DB /* MainMenu.xib */; };
/* End PBXBuildFile section */

/* Begin PBXFileReference section */
		173FE313187320FF0022B562 /* IP[x].app */ = {isa = PBXFileReference; explicitFileType = wrapper.application; includeInIndex = 0; path = "IP[x].app"; sourceTree = BUILT_PRODUCTS_DIR; };
		173FE316187320FF0022B562 /* Cocoa.framework */ = {isa = PBXFileReference; lastKnownFileType = wrapper.framework; name = Cocoa.framework; path = System/Library/Frameworks/Cocoa.framework; sourceTree = SDKROOT; };
		173FE319187320FF0022B562 /* AppKit.framework */ = {isa = PBXFileReference; lastKnownFileType = wrapper.framework; name = AppKit.framework; path = System/Library/Frameworks/AppKit.framework; sourceTree = SDKROOT; };
		173FE31A187320FF0022B562 /* CoreData.framework */ = {isa = PBXFileReference; lastKnownFileType = wrapper.framework; name = CoreData.framework; path = System/Library/Frameworks/CoreData.framework; sourceTree = SDKROOT; };
		173FE31B187320FF0022B562 /* Foundation.framework */ = {isa = PBXFileReference; lastKnownFileType = wrapper.framework; name = Foundation.framework; path = System/Library/Frameworks/Foundation.framework; sourceTree = SDKROOT; };
		173FE335187320FF0022B562 /* XCTest.framework */ = {isa = PBXFileReference; lastKnownFileType = wrapper.framework; name = XCTest.framework; path = Library/Frameworks/XCTest.framework; sourceTree = DEVELOPER_DIR; };
		179254BE18737A0B00D725DB /* icon-red.icns */ = {isa = PBXFileReference; lastKnownFileType = image.icns; name = "icon-red.icns"; path = "../icon-red.icns"; sourceTree = "<group>"; };
		179254C018737A1300D725DB /* icon-green.icns */ = {isa = PBXFileReference; lastKnownFileType = image.icns; name = "icon-green.icns"; path = "../icon-green.icns"; sourceTree = "<group>"; };
		179254C91873A11800D725DB /* AppDelegate.h */ = {isa = PBXFileReference; fileEncoding = 4; lastKnownFileType = sourcecode.c.h; path = AppDelegate.h; sourceTree = "<group>"; };
		179254CA1873A11800D725DB /* AppDelegate.m */ = {isa = PBXFileReference; fileEncoding = 4; lastKnownFileType = sourcecode.c.objc; path = AppDelegate.m; sourceTree = "<group>"; };
		179254CC1873A11800D725DB /* Base */ = {isa = PBXFileReference; lastKnownFileType = file.xib; name = Base; path = Base.lproj/MainMenu.xib; sourceTree = "<group>"; };
		179254CE1873A11800D725DB /* en */ = {isa = PBXFileReference; lastKnownFileType = text.rtf; name = en; path = en.lproj/Credits.rtf; sourceTree = "<group>"; };
		179254D01873A11800D725DB /* en */ = {isa = PBXFileReference; lastKnownFileType = text.plist.strings; name = en; path = en.lproj/InfoPlist.strings; sourceTree = "<group>"; };
		179254D21873A11800D725DB /* en */ = {isa = PBXFileReference; lastKnownFileType = text.plist.strings; name = en; path = en.lproj/Localizable.strings; sourceTree = "<group>"; };
		179254D61873A11800D725DB /* IP[x]-Info.plist */ = {isa = PBXFileReference; fileEncoding = 4; lastKnownFileType = text.plist.xml; path = "IP[x]-Info.plist"; sourceTree = "<group>"; };
		179254D71873A11800D725DB /* IP[x]-Prefix.pch */ = {isa = PBXFileReference; fileEncoding = 4; lastKnownFileType = sourcecode.c.h; path = "IP[x]-Prefix.pch"; sourceTree = "<group>"; };
		179254D81873A11800D725DB /* Localizable.strings */ = {isa = PBXFileReference; fileEncoding = 4; lastKnownFileType = text.plist.strings; path = Localizable.strings; sourceTree = "<group>"; };
		179254D91873A11800D725DB /* logo-green.png */ = {isa = PBXFileReference; lastKnownFileType = image.png; path = "logo-green.png"; sourceTree = "<group>"; };
		179254DA1873A11800D725DB /* logo-red.png */ = {isa = PBXFileReference; lastKnownFileType = image.png; path = "logo-red.png"; sourceTree = "<group>"; };
		179254DB1873A11800D725DB /* main.m */ = {isa = PBXFileReference; fileEncoding = 4; lastKnownFileType = sourcecode.c.objc; path = main.m; sourceTree = "<group>"; };
		179254DC1873A11800D725DB /* MasterViewController.h */ = {isa = PBXFileReference; fileEncoding = 4; lastKnownFileType = sourcecode.c.h; path = MasterViewController.h; sourceTree = "<group>"; };
		179254DD1873A11800D725DB /* MasterViewController.m */ = {isa = PBXFileReference; fileEncoding = 4; lastKnownFileType = sourcecode.c.objc; path = MasterViewController.m; sourceTree = "<group>"; };
		179254DE1873A11800D725DB /* MasterViewController.xib */ = {isa = PBXFileReference; fileEncoding = 4; lastKnownFileType = file.xib; path = MasterViewController.xib; sourceTree = "<group>"; };
		179254DF1873A11800D725DB /* Util.h */ = {isa = PBXFileReference; fileEncoding = 4; lastKnownFileType = sourcecode.c.h; path = Util.h; sourceTree = "<group>"; };
		179254E01873A11800D725DB /* Util.m */ = {isa = PBXFileReference; fileEncoding = 4; lastKnownFileType = sourcecode.c.objc; path = Util.m; sourceTree = "<group>"; };
/* End PBXFileReference section */

/* Begin PBXFrameworksBuildPhase section */
		173FE310187320FF0022B562 /* Frameworks */ = {
			isa = PBXFrameworksBuildPhase;
			buildActionMask = 2147483647;
			files = (
				173FE317187320FF0022B562 /* Cocoa.framework in Frameworks */,
			);
			runOnlyForDeploymentPostprocessing = 0;
		};
/* End PBXFrameworksBuildPhase section */

/* Begin PBXGroup section */
		173FE30A187320FF0022B562 = {
			isa = PBXGroup;
			children = (
				179254C81873A11800D725DB /* IP[x] */,
				173FE315187320FF0022B562 /* Frameworks */,
				173FE314187320FF0022B562 /* Products */,
			);
			sourceTree = "<group>";
		};
		173FE314187320FF0022B562 /* Products */ = {
			isa = PBXGroup;
			children = (
				173FE313187320FF0022B562 /* IP[x].app */,
			);
			name = Products;
			sourceTree = "<group>";
		};
		173FE315187320FF0022B562 /* Frameworks */ = {
			isa = PBXGroup;
			children = (
				173FE316187320FF0022B562 /* Cocoa.framework */,
				173FE335187320FF0022B562 /* XCTest.framework */,
				173FE318187320FF0022B562 /* Other Frameworks */,
			);
			name = Frameworks;
			sourceTree = "<group>";
		};
		173FE318187320FF0022B562 /* Other Frameworks */ = {
			isa = PBXGroup;
			children = (
				173FE319187320FF0022B562 /* AppKit.framework */,
				173FE31A187320FF0022B562 /* CoreData.framework */,
				173FE31B187320FF0022B562 /* Foundation.framework */,
			);
			name = "Other Frameworks";
			sourceTree = "<group>";
		};
		179254C81873A11800D725DB /* IP[x] */ = {
			isa = PBXGroup;
			children = (
				179254FC1873A24B00D725DB /* Source */,
				179254F81873A21D00D725DB /* Resources */,
				179254CD1873A11800D725DB /* Credits.rtf */,
				179254D61873A11800D725DB /* IP[x]-Info.plist */,
				179254D71873A11800D725DB /* IP[x]-Prefix.pch */,
				179254D81873A11800D725DB /* Localizable.strings */,
			);
			path = "IP[x]";
			sourceTree = "<group>";
		};
		179254F81873A21D00D725DB /* Resources */ = {
			isa = PBXGroup;
			children = (
				179254CF1873A11800D725DB /* InfoPlist.strings */,
				179254D11873A11800D725DB /* Localizable.strings */,
				179254FA1873A22600D725DB /* Layouts */,
				179254F91873A22200D725DB /* Images */,
			);
			name = Resources;
			sourceTree = "<group>";
		};
		179254F91873A22200D725DB /* Images */ = {
			isa = PBXGroup;
			children = (
				179254BE18737A0B00D725DB /* icon-red.icns */,
				179254C018737A1300D725DB /* icon-green.icns */,
				179254D91873A11800D725DB /* logo-green.png */,
				179254DA1873A11800D725DB /* logo-red.png */,
			);
			name = Images;
			sourceTree = "<group>";
		};
		179254FA1873A22600D725DB /* Layouts */ = {
			isa = PBXGroup;
			children = (
				179254DE1873A11800D725DB /* MasterViewController.xib */,
				179254CB1873A11800D725DB /* MainMenu.xib */,
			);
			name = Layouts;
			sourceTree = "<group>";
		};
		179254FC1873A24B00D725DB /* Source */ = {
			isa = PBXGroup;
			children = (
				179254C91873A11800D725DB /* AppDelegate.h */,
				179254CA1873A11800D725DB /* AppDelegate.m */,
				179254DB1873A11800D725DB /* main.m */,
				179254DC1873A11800D725DB /* MasterViewController.h */,
				179254DD1873A11800D725DB /* MasterViewController.m */,
				179254DF1873A11800D725DB /* Util.h */,
				179254E01873A11800D725DB /* Util.m */,
			);
			name = Source;
			sourceTree = "<group>";
		};
/* End PBXGroup section */

/* Begin PBXNativeTarget section */
		173FE312187320FF0022B562 /* IP[x] */ = {
			isa = PBXNativeTarget;
			buildConfigurationList = 173FE344187320FF0022B562 /* Build configuration list for PBXNativeTarget "IP[x]" */;
			buildPhases = (
				173FE30F187320FF0022B562 /* Sources */,
				173FE310187320FF0022B562 /* Frameworks */,
				173FE311187320FF0022B562 /* Resources */,
			);
			buildRules = (
			);
			dependencies = (
			);
			name = "IP[x]";
			productName = "OSX IPython Notebook Launcher";
			productReference = 173FE313187320FF0022B562 /* IP[x].app */;
			productType = "com.apple.product-type.application";
		};
/* End PBXNativeTarget section */

/* Begin PBXProject section */
		173FE30B187320FF0022B562 /* Project object */ = {
			isa = PBXProject;
			attributes = {
				LastUpgradeCheck = 0500;
				ORGANIZATIONNAME = "Stuart Layton";
			};
			buildConfigurationList = 173FE30E187320FF0022B562 /* Build configuration list for PBXProject "IP[x]" */;
			compatibilityVersion = "Xcode 3.2";
			developmentRegion = English;
			hasScannedForEncodings = 0;
			knownRegions = (
				en,
				Base,
				fr,
			);
			mainGroup = 173FE30A187320FF0022B562;
			productRefGroup = 173FE314187320FF0022B562 /* Products */;
			projectDirPath = "";
			projectRoot = "";
			targets = (
				173FE312187320FF0022B562 /* IP[x] */,
			);
		};
/* End PBXProject section */

/* Begin PBXResourcesBuildPhase section */
		173FE311187320FF0022B562 /* Resources */ = {
			isa = PBXResourcesBuildPhase;
			buildActionMask = 2147483647;
			files = (
				179254F71873A18600D725DB /* MainMenu.xib in Resources */,
				179254BF18737A0B00D725DB /* icon-red.icns in Resources */,
				179254E51873A11800D725DB /* Localizable.strings in Resources */,
				179254EA1873A11800D725DB /* logo-red.png in Resources */,
				179254C118737A1300D725DB /* icon-green.icns in Resources */,
				179254E81873A11800D725DB /* Localizable.strings in Resources */,
				179254E71873A11800D725DB /* IP[x]-Info.plist in Resources */,
				179254E91873A11800D725DB /* logo-green.png in Resources */,
				179254ED1873A11800D725DB /* MasterViewController.xib in Resources */,
				179254E31873A11800D725DB /* Credits.rtf in Resources */,
				179254E41873A11800D725DB /* InfoPlist.strings in Resources */,
			);
			runOnlyForDeploymentPostprocessing = 0;
		};
/* End PBXResourcesBuildPhase section */

/* Begin PBXSourcesBuildPhase section */
		173FE30F187320FF0022B562 /* Sources */ = {
			isa = PBXSourcesBuildPhase;
			buildActionMask = 2147483647;
			files = (
				179254EB1873A11800D725DB /* main.m in Sources */,
				179254EC1873A11800D725DB /* MasterViewController.m in Sources */,
				179254E11873A11800D725DB /* AppDelegate.m in Sources */,
				179254EE1873A11800D725DB /* Util.m in Sources */,
			);
			runOnlyForDeploymentPostprocessing = 0;
		};
/* End PBXSourcesBuildPhase section */

/* Begin PBXVariantGroup section */
		179254CB1873A11800D725DB /* MainMenu.xib */ = {
			isa = PBXVariantGroup;
			children = (
				179254CC1873A11800D725DB /* Base */,
			);
			name = MainMenu.xib;
			sourceTree = "<group>";
		};
		179254CD1873A11800D725DB /* Credits.rtf */ = {
			isa = PBXVariantGroup;
			children = (
				179254CE1873A11800D725DB /* en */,
			);
			name = Credits.rtf;
			sourceTree = "<group>";
		};
		179254CF1873A11800D725DB /* InfoPlist.strings */ = {
			isa = PBXVariantGroup;
			children = (
				179254D01873A11800D725DB /* en */,
			);
			name = InfoPlist.strings;
			sourceTree = "<group>";
		};
		179254D11873A11800D725DB /* Localizable.strings */ = {
			isa = PBXVariantGroup;
			children = (
				179254D21873A11800D725DB /* en */,
			);
			name = Localizable.strings;
			sourceTree = "<group>";
		};
/* End PBXVariantGroup section */

/* Begin XCBuildConfiguration section */
		173FE342187320FF0022B562 /* Debug */ = {
			isa = XCBuildConfiguration;
			buildSettings = {
				ALWAYS_SEARCH_USER_PATHS = NO;
				CLANG_CXX_LANGUAGE_STANDARD = "gnu++0x";
				CLANG_CXX_LIBRARY = "libc++";
				CLANG_ENABLE_OBJC_ARC = YES;
				CLANG_WARN_BOOL_CONVERSION = YES;
				CLANG_WARN_CONSTANT_CONVERSION = YES;
				CLANG_WARN_DIRECT_OBJC_ISA_USAGE = YES_ERROR;
				CLANG_WARN_EMPTY_BODY = YES;
				CLANG_WARN_ENUM_CONVERSION = YES;
				CLANG_WARN_INT_CONVERSION = YES;
				CLANG_WARN_OBJC_ROOT_CLASS = YES_ERROR;
				CLANG_WARN__DUPLICATE_METHOD_MATCH = YES;
				COPY_PHASE_STRIP = NO;
				GCC_C_LANGUAGE_STANDARD = gnu99;
				GCC_DYNAMIC_NO_PIC = NO;
				GCC_ENABLE_OBJC_EXCEPTIONS = YES;
				GCC_OPTIMIZATION_LEVEL = 0;
				GCC_PREPROCESSOR_DEFINITIONS = (
					"DEBUG=1",
					"$(inherited)",
				);
				GCC_SYMBOLS_PRIVATE_EXTERN = NO;
				GCC_WARN_64_TO_32_BIT_CONVERSION = YES;
				GCC_WARN_ABOUT_RETURN_TYPE = YES_ERROR;
				GCC_WARN_UNDECLARED_SELECTOR = YES;
				GCC_WARN_UNINITIALIZED_AUTOS = YES;
				GCC_WARN_UNUSED_FUNCTION = YES;
				GCC_WARN_UNUSED_VARIABLE = YES;
				MACOSX_DEPLOYMENT_TARGET = 10.9;
				ONLY_ACTIVE_ARCH = YES;
				SDKROOT = macosx;
			};
			name = Debug;
		};
		173FE343187320FF0022B562 /* Release */ = {
			isa = XCBuildConfiguration;
			buildSettings = {
				ALWAYS_SEARCH_USER_PATHS = NO;
				CLANG_CXX_LANGUAGE_STANDARD = "gnu++0x";
				CLANG_CXX_LIBRARY = "libc++";
				CLANG_ENABLE_OBJC_ARC = YES;
				CLANG_WARN_BOOL_CONVERSION = YES;
				CLANG_WARN_CONSTANT_CONVERSION = YES;
				CLANG_WARN_DIRECT_OBJC_ISA_USAGE = YES_ERROR;
				CLANG_WARN_EMPTY_BODY = YES;
				CLANG_WARN_ENUM_CONVERSION = YES;
				CLANG_WARN_INT_CONVERSION = YES;
				CLANG_WARN_OBJC_ROOT_CLASS = YES_ERROR;
				CLANG_WARN__DUPLICATE_METHOD_MATCH = YES;
				COPY_PHASE_STRIP = YES;
				DEBUG_INFORMATION_FORMAT = "dwarf-with-dsym";
				ENABLE_NS_ASSERTIONS = NO;
				GCC_C_LANGUAGE_STANDARD = gnu99;
				GCC_ENABLE_OBJC_EXCEPTIONS = YES;
				GCC_WARN_64_TO_32_BIT_CONVERSION = YES;
				GCC_WARN_ABOUT_RETURN_TYPE = YES_ERROR;
				GCC_WARN_UNDECLARED_SELECTOR = YES;
				GCC_WARN_UNINITIALIZED_AUTOS = YES;
				GCC_WARN_UNUSED_FUNCTION = YES;
				GCC_WARN_UNUSED_VARIABLE = YES;
				MACOSX_DEPLOYMENT_TARGET = 10.9;
				SDKROOT = macosx;
			};
			name = Release;
		};
		173FE345187320FF0022B562 /* Debug */ = {
			isa = XCBuildConfiguration;
			buildSettings = {
				COMBINE_HIDPI_IMAGES = YES;
				GCC_PRECOMPILE_PREFIX_HEADER = YES;
				GCC_PREFIX_HEADER = "IP[x]/IP[x]-Prefix.pch";
				INFOPLIST_FILE = "IP[x]/IP[x]-Info.plist";
				PRODUCT_NAME = "$(TARGET_NAME)";
				WRAPPER_EXTENSION = app;
			};
			name = Debug;
		};
		173FE346187320FF0022B562 /* Release */ = {
			isa = XCBuildConfiguration;
			buildSettings = {
				COMBINE_HIDPI_IMAGES = YES;
				GCC_PRECOMPILE_PREFIX_HEADER = YES;
				GCC_PREFIX_HEADER = "IP[x]/IP[x]-Prefix.pch";
				INFOPLIST_FILE = "IP[x]/IP[x]-Info.plist";
				PRODUCT_NAME = "$(TARGET_NAME)";
				WRAPPER_EXTENSION = app;
			};
			name = Release;
		};
/* End XCBuildConfiguration section */

/* Begin XCConfigurationList section */
		173FE30E187320FF0022B562 /* Build configuration list for PBXProject "IP[x]" */ = {
			isa = XCConfigurationList;
			buildConfigurations = (
				173FE342187320FF0022B562 /* Debug */,
				173FE343187320FF0022B562 /* Release */,
			);
			defaultConfigurationIsVisible = 0;
			defaultConfigurationName = Release;
		};
		173FE344187320FF0022B562 /* Build configuration list for PBXNativeTarget "IP[x]" */ = {
			isa = XCConfigurationList;
			buildConfigurations = (
				173FE345187320FF0022B562 /* Debug */,
				173FE346187320FF0022B562 /* Release */,
			);
			defaultConfigurationIsVisible = 0;
			defaultConfigurationName = Release;
		};
/* End XCConfigurationList section */
	};
	rootObject = 173FE30B187320FF0022B562 /* Project object */;
}
